
Microsoft Visual Studio Solution File, Format Version 12.00
# Visual Studio 2013
VisualStudioVersion = 12.0.30723.0
MinimumVisualStudioVersion = 10.0.40219.1
Project("{FAE04EC0-301F-11D3-BF4B-00C04F79EFBC}") = "Beauty Of Programing_04_17", "Beauty Of Programing\Beauty Of Programing_04_17.csproj", "{7938BB5E-4FFE-4692-BB2C-D8D2F3446BCD}"
EndProject
Global
	GlobalSection(SolutionConfigurationPlatforms) = preSolution
		Debug|Any CPU = Debug|Any CPU
		Release|Any CPU = Release|Any CPU
	EndGlobalSection
	GlobalSection(ProjectConfigurationPlatforms) = postSolution
		{7938BB5E-4FFE-4692-BB2C-D8D2F3446BCD}.Debug|Any CPU.ActiveCfg = Debug|Any CPU
		{7938BB5E-4FFE-4692-BB2C-D8D2F3446BCD}.Debug|Any CPU.Build.0 = Debug|Any CPU
		{7938BB5E-4FFE-4692-BB2C-D8D2F3446BCD}.Release|Any CPU.ActiveCfg = Release|Any CPU
		{7938BB5E-4FFE-4692-BB2C-D8D2F3446BCD}.Release|Any CPU.Build.0 = Release|Any CPU
	EndGlobalSection
	GlobalSection(SolutionProperties) = preSolution
		HideSolutionNode = FALSE
	EndGlobalSection
EndGlobal
