
Microsoft Visual Studio Solution File, Format Version 11.00
# Visual Studio 2010
Project("{D2ABAB84-BF74-430A-B69E-9DC6D40DDA17}") = "MultidimensionalProject1", "MultidimensionalProject1\MultidimensionalProject1.dwproj", "{17702271-DB65-41BE-8604-D855407C4F0E}"
EndProject
Global
	GlobalSection(SolutionConfigurationPlatforms) = preSolution
		Development|Default = Development|Default
	EndGlobalSection
	GlobalSection(ProjectConfigurationPlatforms) = postSolution
		{17702271-DB65-41BE-8604-D855407C4F0E}.Development|Default.ActiveCfg = Development
		{17702271-DB65-41BE-8604-D855407C4F0E}.Development|Default.Build.0 = Development
		{17702271-DB65-41BE-8604-D855407C4F0E}.Development|Default.Deploy.0 = Development
	EndGlobalSection
	GlobalSection(SolutionProperties) = preSolution
		HideSolutionNode = FALSE
	EndGlobalSection
EndGlobal
