
Microsoft Visual Studio Solution File, Format Version 12.00
# Visual Studio 2013
VisualStudioVersion = 12.0.21005.1
MinimumVisualStudioVersion = 10.0.40219.1
Project("{FAE04EC0-301F-11D3-BF4B-00C04F79EFBC}") = "Testing2-2", "Testing2-2\Testing2-2.csproj", "{9C66B9B5-D67C-40A6-B2AC-7A5E2850509F}"
EndProject
Global
	GlobalSection(SolutionConfigurationPlatforms) = preSolution
		Debug|Any CPU = Debug|Any CPU
		Release|Any CPU = Release|Any CPU
	EndGlobalSection
	GlobalSection(ProjectConfigurationPlatforms) = postSolution
		{9C66B9B5-D67C-40A6-B2AC-7A5E2850509F}.Debug|Any CPU.ActiveCfg = Debug|Any CPU
		{9C66B9B5-D67C-40A6-B2AC-7A5E2850509F}.Debug|Any CPU.Build.0 = Debug|Any CPU
		{9C66B9B5-D67C-40A6-B2AC-7A5E2850509F}.Release|Any CPU.ActiveCfg = Release|Any CPU
		{9C66B9B5-D67C-40A6-B2AC-7A5E2850509F}.Release|Any CPU.Build.0 = Release|Any CPU
	EndGlobalSection
	GlobalSection(SolutionProperties) = preSolution
		HideSolutionNode = FALSE
	EndGlobalSection
EndGlobal
