
Microsoft Visual Studio Solution File, Format Version 12.00
# Visual Studio 2012
Project("{FAE04EC0-301F-11D3-BF4B-00C04F79EFBC}") = "Arr", "Arr\Arr.csproj", "{17E573F6-2AAC-4634-97EA-5DF8791F9217}"
EndProject
Global
	GlobalSection(SolutionConfigurationPlatforms) = preSolution
		Debug|Any CPU = Debug|Any CPU
		Release|Any CPU = Release|Any CPU
	EndGlobalSection
	GlobalSection(ProjectConfigurationPlatforms) = postSolution
		{17E573F6-2AAC-4634-97EA-5DF8791F9217}.Debug|Any CPU.ActiveCfg = Debug|Any CPU
		{17E573F6-2AAC-4634-97EA-5DF8791F9217}.Debug|Any CPU.Build.0 = Debug|Any CPU
		{17E573F6-2AAC-4634-97EA-5DF8791F9217}.Release|Any CPU.ActiveCfg = Release|Any CPU
		{17E573F6-2AAC-4634-97EA-5DF8791F9217}.Release|Any CPU.Build.0 = Release|Any CPU
	EndGlobalSection
	GlobalSection(SolutionProperties) = preSolution
		HideSolutionNode = FALSE
	EndGlobalSection
EndGlobal
