
Microsoft Visual Studio Solution File, Format Version 12.00
# Visual Studio 2012
Project("{FAE04EC0-301F-11D3-BF4B-00C04F79EFBC}") = "Suanfa_test", "Suanfa_test\Suanfa_test.csproj", "{852C9360-3D12-418F-A457-864B230C935D}"
EndProject
Global
	GlobalSection(SolutionConfigurationPlatforms) = preSolution
		Debug|Any CPU = Debug|Any CPU
		Release|Any CPU = Release|Any CPU
	EndGlobalSection
	GlobalSection(ProjectConfigurationPlatforms) = postSolution
		{852C9360-3D12-418F-A457-864B230C935D}.Debug|Any CPU.ActiveCfg = Debug|Any CPU
		{852C9360-3D12-418F-A457-864B230C935D}.Debug|Any CPU.Build.0 = Debug|Any CPU
		{852C9360-3D12-418F-A457-864B230C935D}.Release|Any CPU.ActiveCfg = Release|Any CPU
		{852C9360-3D12-418F-A457-864B230C935D}.Release|Any CPU.Build.0 = Release|Any CPU
	EndGlobalSection
	GlobalSection(SolutionProperties) = preSolution
		HideSolutionNode = FALSE
	EndGlobalSection
EndGlobal
